{
  "nodes": {
    "flakeNimbleLib": {
      "inputs": {
        "nixpkgs": [
          "nixpkgs"
        ]
      },
      "locked": {
        "lastModified": 1662018438,
        "narHash": "sha256-QtNtU6+LX3Wokxf0zlFwKTFOcn6TeDjKQZ+DA9OYtvM=",
        "owner": "riinr",
        "repo": "nim-flakes-lib",
        "rev": "b1fe8340736e3a85d25c709ac3dfd82a55c03cbf",
        "type": "github"
      },
      "original": {
        "owner": "riinr",
        "ref": "master",
        "repo": "nim-flakes-lib",
        "type": "github"
      }
    },
    "nixpkgs": {
      "locked": {
        "lastModified": 1667199707,
        "narHash": "sha256-I2Js3Y7gUyVSEXPULHlBoRek4Lh85vnevdS6mdvDNLI=",
        "owner": "NixOS",
        "repo": "nixpkgs",
        "rev": "ced197be72099edcfa68ebed8b87af7b04851f45",
        "type": "github"
      },
      "original": {
        "id": "nixpkgs",
        "type": "indirect"
      }
    },
    "pager-master": {
      "inputs": {
        "flakeNimbleLib": [
          "flakeNimbleLib"
        ],
        "nixpkgs": [
          "nixpkgs"
        ],
        "src-pager-master": "src-pager-master"
      },
      "locked": {
        "dir": "master",
        "lastModified": 1667322566,
        "narHash": "sha256-7j/IFgb5Li58g7rPonnbQVjCp4joUA3N6VA5KeLlxxU=",
        "owner": "nim-nix-pkgs",
        "repo": "pager",
        "rev": "b5bd0fc7c08d97bbea15ee7bd06b67ade10ccd55",
        "type": "github"
      },
      "original": {
        "dir": "master",
        "owner": "nim-nix-pkgs",
        "ref": "master",
        "repo": "pager",
        "type": "github"
      }
    },
    "root": {
      "inputs": {
        "flakeNimbleLib": "flakeNimbleLib",
        "nixpkgs": "nixpkgs",
        "pager-master": "pager-master"
      }
    },
    "src-pager-master": {
      "flake": false,
      "locked": {
        "lastModified": 1568435615,
        "narHash": "sha256-/ynW96y+luZts6vlZDn53uKCFv4aYOIzJRD5IEvr9Fk=",
        "owner": "~reesmichael1",
        "repo": "nim-pager",
        "rev": "eab3163332d96b29755741b82383f7a36e92ba12",
        "type": "sourcehut"
      },
      "original": {
        "owner": "~reesmichael1",
        "ref": "master",
        "repo": "nim-pager",
        "type": "sourcehut"
      }
    }
  },
  "root": "root",
  "version": 7
}
